
Microsoft Visual Studio Solution File, Format Version 12.00
# Visual Studio Version 16
VisualStudioVersion = 16.0.31205.134
MinimumVisualStudioVersion = 10.0.40219.1
Project("{888888A0-9F3D-457C-B088-3A5042F75D52}") = "CorelationApplication", "CorelationApplication.pyproj", "{EF93B446-BAF7-4385-A09D-2A243355AD6C}"
EndProject
Global
	GlobalSection(SolutionConfigurationPlatforms) = preSolution
		Debug|Any CPU = Debug|Any CPU
		Release|Any CPU = Release|Any CPU
	EndGlobalSection
	GlobalSection(ProjectConfigurationPlatforms) = postSolution
		{EF93B446-BAF7-4385-A09D-2A243355AD6C}.Debug|Any CPU.ActiveCfg = Debug|Any CPU
		{EF93B446-BAF7-4385-A09D-2A243355AD6C}.Release|Any CPU.ActiveCfg = Release|Any CPU
	EndGlobalSection
	GlobalSection(SolutionProperties) = preSolution
		HideSolutionNode = FALSE
	EndGlobalSection
	GlobalSection(ExtensibilityGlobals) = postSolution
		SolutionGuid = {57BB8835-40E1-4DD2-85B3-0B8DA3E593F5}
	EndGlobalSection
EndGlobal
